
Microsoft Visual Studio Solution File, Format Version 12.00
# Visual Studio Version 17
VisualStudioVersion = 17.7.34024.191
MinimumVisualStudioVersion = 10.0.40219.1
Project("{FAE04EC0-301F-11D3-BF4B-00C04F79EFBC}") = "opencv_TestForm", "opencv_TestForm\opencv_TestForm.csproj", "{17D4708C-E4BF-4D06-A033-F056E7FC7BFB}"
EndProject
Global
	GlobalSection(SolutionConfigurationPlatforms) = preSolution
		Debug|Any CPU = Debug|Any CPU
		Release|Any CPU = Release|Any CPU
	EndGlobalSection
	GlobalSection(ProjectConfigurationPlatforms) = postSolution
		{17D4708C-E4BF-4D06-A033-F056E7FC7BFB}.Debug|Any CPU.ActiveCfg = Debug|Any CPU
		{17D4708C-E4BF-4D06-A033-F056E7FC7BFB}.Debug|Any CPU.Build.0 = Debug|Any CPU
		{17D4708C-E4BF-4D06-A033-F056E7FC7BFB}.Release|Any CPU.ActiveCfg = Release|Any CPU
		{17D4708C-E4BF-4D06-A033-F056E7FC7BFB}.Release|Any CPU.Build.0 = Release|Any CPU
	EndGlobalSection
	GlobalSection(SolutionProperties) = preSolution
		HideSolutionNode = FALSE
	EndGlobalSection
	GlobalSection(ExtensibilityGlobals) = postSolution
		SolutionGuid = {1E2588A1-6F9D-41DA-9674-9F1B784A7CD2}
	EndGlobalSection
EndGlobal
